
Microsoft Visual Studio Solution File, Format Version 12.00
# Visual Studio Version 17
VisualStudioVersion = 17.5.33530.505
MinimumVisualStudioVersion = 10.0.40219.1
Project("{FAE04EC0-301F-11D3-BF4B-00C04F79EFBC}") = "miformulario", "miformulario\miformulario.csproj", "{A1626A27-9C44-4A40-8450-D71C80E8C89C}"
EndProject
Global
	GlobalSection(SolutionConfigurationPlatforms) = preSolution
		Debug|Any CPU = Debug|Any CPU
		Release|Any CPU = Release|Any CPU
	EndGlobalSection
	GlobalSection(ProjectConfigurationPlatforms) = postSolution
		{A1626A27-9C44-4A40-8450-D71C80E8C89C}.Debug|Any CPU.ActiveCfg = Debug|Any CPU
		{A1626A27-9C44-4A40-8450-D71C80E8C89C}.Debug|Any CPU.Build.0 = Debug|Any CPU
		{A1626A27-9C44-4A40-8450-D71C80E8C89C}.Release|Any CPU.ActiveCfg = Release|Any CPU
		{A1626A27-9C44-4A40-8450-D71C80E8C89C}.Release|Any CPU.Build.0 = Release|Any CPU
	EndGlobalSection
	GlobalSection(SolutionProperties) = preSolution
		HideSolutionNode = FALSE
	EndGlobalSection
	GlobalSection(ExtensibilityGlobals) = postSolution
		SolutionGuid = {3D11A044-95E9-44E4-89D5-038B8ED56B03}
	EndGlobalSection
EndGlobal
